
Microsoft Visual Studio Solution File, Format Version 12.00
# Visual Studio Version 16
VisualStudioVersion = 16.0.30523.141
MinimumVisualStudioVersion = 10.0.40219.1
Project("{FAE04EC0-301F-11D3-BF4B-00C04F79EFBC}") = "ClipG2", "ClipG2\ClipG2.csproj", "{C663EC32-E914-4591-AFD7-E090C1CA9D4E}"
EndProject
Global
	GlobalSection(SolutionConfigurationPlatforms) = preSolution
		Debug|Any CPU = Debug|Any CPU
		Release|Any CPU = Release|Any CPU
	EndGlobalSection
	GlobalSection(ProjectConfigurationPlatforms) = postSolution
		{C663EC32-E914-4591-AFD7-E090C1CA9D4E}.Debug|Any CPU.ActiveCfg = Debug|Any CPU
		{C663EC32-E914-4591-AFD7-E090C1CA9D4E}.Debug|Any CPU.Build.0 = Debug|Any CPU
		{C663EC32-E914-4591-AFD7-E090C1CA9D4E}.Release|Any CPU.ActiveCfg = Release|Any CPU
		{C663EC32-E914-4591-AFD7-E090C1CA9D4E}.Release|Any CPU.Build.0 = Release|Any CPU
	EndGlobalSection
	GlobalSection(SolutionProperties) = preSolution
		HideSolutionNode = FALSE
	EndGlobalSection
	GlobalSection(ExtensibilityGlobals) = postSolution
		SolutionGuid = {4065E914-8B74-4DD6-AB4C-3EA680DB54F0}
	EndGlobalSection
EndGlobal
